
Microsoft Visual Studio Solution File, Format Version 11.00
# Visual Studio 2010
# SharpDevelop 5.1
Project("{FAE04EC0-301F-11D3-BF4B-00C04F79EFBC}") = "GraphDemo", "GraphDemo\GraphDemo.csproj", "{87E931E7-A4E5-47D6-B422-E44E24D48EEF}"
EndProject
Global
	GlobalSection(SolutionConfigurationPlatforms) = preSolution
		Debug|Any CPU = Debug|Any CPU
		Release|Any CPU = Release|Any CPU
	EndGlobalSection
	GlobalSection(ProjectConfigurationPlatforms) = postSolution
		{87E931E7-A4E5-47D6-B422-E44E24D48EEF}.Debug|Any CPU.ActiveCfg = Debug|Any CPU
		{87E931E7-A4E5-47D6-B422-E44E24D48EEF}.Debug|Any CPU.Build.0 = Debug|Any CPU
		{87E931E7-A4E5-47D6-B422-E44E24D48EEF}.Release|Any CPU.ActiveCfg = Release|Any CPU
		{87E931E7-A4E5-47D6-B422-E44E24D48EEF}.Release|Any CPU.Build.0 = Release|Any CPU
	EndGlobalSection
EndGlobal
