
Microsoft Visual Studio Solution File, Format Version 12.00
# Visual Studio 2013
VisualStudioVersion = 12.0.31101.0
MinimumVisualStudioVersion = 10.0.40219.1
Project("{FAE04EC0-301F-11D3-BF4B-00C04F79EFBC}") = "PathDemo", "PathDemo\PathDemo.csproj", "{041B6C3D-83CA-433A-A2DD-53AD6EBC5DAD}"
EndProject
Project("{FAE04EC0-301F-11D3-BF4B-00C04F79EFBC}") = "ImportDemo", "ImportDemo\ImportDemo.csproj", "{04C24C8C-C695-4481-994C-D67A82EE9DB3}"
EndProject
Global
	GlobalSection(SolutionConfigurationPlatforms) = preSolution
		Debug|Any CPU = Debug|Any CPU
		Release|Any CPU = Release|Any CPU
	EndGlobalSection
	GlobalSection(ProjectConfigurationPlatforms) = postSolution
		{041B6C3D-83CA-433A-A2DD-53AD6EBC5DAD}.Debug|Any CPU.ActiveCfg = Debug|Any CPU
		{041B6C3D-83CA-433A-A2DD-53AD6EBC5DAD}.Debug|Any CPU.Build.0 = Debug|Any CPU
		{041B6C3D-83CA-433A-A2DD-53AD6EBC5DAD}.Release|Any CPU.ActiveCfg = Release|Any CPU
		{041B6C3D-83CA-433A-A2DD-53AD6EBC5DAD}.Release|Any CPU.Build.0 = Release|Any CPU
		{04C24C8C-C695-4481-994C-D67A82EE9DB3}.Debug|Any CPU.ActiveCfg = Debug|Any CPU
		{04C24C8C-C695-4481-994C-D67A82EE9DB3}.Debug|Any CPU.Build.0 = Debug|Any CPU
		{04C24C8C-C695-4481-994C-D67A82EE9DB3}.Release|Any CPU.ActiveCfg = Release|Any CPU
		{04C24C8C-C695-4481-994C-D67A82EE9DB3}.Release|Any CPU.Build.0 = Release|Any CPU
	EndGlobalSection
	GlobalSection(SolutionProperties) = preSolution
		HideSolutionNode = FALSE
	EndGlobalSection
EndGlobal
