
Microsoft Visual Studio Solution File, Format Version 12.00
# Visual Studio Express 2012 for Windows Desktop
Project("{FAE04EC0-301F-11D3-BF4B-00C04F79EFBC}") = "LineGridDemo", "LineGridDemo\LineGridDemo.csproj", "{2BFDEDFB-47DA-43DB-93EA-2C8A84C47535}"
EndProject
Project("{FAE04EC0-301F-11D3-BF4B-00C04F79EFBC}") = "LineGrid", "LineGrid\LineGrid.csproj", "{AAF853F0-81FB-49A9-9FDB-85466375A76D}"
EndProject
Global
	GlobalSection(SolutionConfigurationPlatforms) = preSolution
		Debug|Any CPU = Debug|Any CPU
		Release|Any CPU = Release|Any CPU
	EndGlobalSection
	GlobalSection(ProjectConfigurationPlatforms) = postSolution
		{2BFDEDFB-47DA-43DB-93EA-2C8A84C47535}.Debug|Any CPU.ActiveCfg = Debug|Any CPU
		{2BFDEDFB-47DA-43DB-93EA-2C8A84C47535}.Debug|Any CPU.Build.0 = Debug|Any CPU
		{2BFDEDFB-47DA-43DB-93EA-2C8A84C47535}.Release|Any CPU.ActiveCfg = Release|Any CPU
		{2BFDEDFB-47DA-43DB-93EA-2C8A84C47535}.Release|Any CPU.Build.0 = Release|Any CPU
		{AAF853F0-81FB-49A9-9FDB-85466375A76D}.Debug|Any CPU.ActiveCfg = Debug|Any CPU
		{AAF853F0-81FB-49A9-9FDB-85466375A76D}.Debug|Any CPU.Build.0 = Debug|Any CPU
		{AAF853F0-81FB-49A9-9FDB-85466375A76D}.Release|Any CPU.ActiveCfg = Release|Any CPU
		{AAF853F0-81FB-49A9-9FDB-85466375A76D}.Release|Any CPU.Build.0 = Release|Any CPU
	EndGlobalSection
	GlobalSection(SolutionProperties) = preSolution
		HideSolutionNode = FALSE
	EndGlobalSection
EndGlobal
