
Microsoft Visual Studio Solution File, Format Version 12.00
# Visual Studio Express 2013 for Windows Desktop
VisualStudioVersion = 12.0.30501.0
MinimumVisualStudioVersion = 10.0.40219.1
Project("{FAE04EC0-301F-11D3-BF4B-00C04F79EFBC}") = "MathUtil.Tests", "MathUtil.Tests\MathUtil.Tests.csproj", "{1600406F-C1A6-4DD0-AC55-BACF29C4DEC3}"
EndProject
Project("{FAE04EC0-301F-11D3-BF4B-00C04F79EFBC}") = "MathUtil", "MathUtil\MathUtil.csproj", "{C0C3D742-E302-4439-8C71-BF4E42F15CAF}"
EndProject
Global
	GlobalSection(SolutionConfigurationPlatforms) = preSolution
		Debug|Any CPU = Debug|Any CPU
		Release|Any CPU = Release|Any CPU
	EndGlobalSection
	GlobalSection(ProjectConfigurationPlatforms) = postSolution
		{1600406F-C1A6-4DD0-AC55-BACF29C4DEC3}.Debug|Any CPU.ActiveCfg = Debug|Any CPU
		{1600406F-C1A6-4DD0-AC55-BACF29C4DEC3}.Debug|Any CPU.Build.0 = Debug|Any CPU
		{1600406F-C1A6-4DD0-AC55-BACF29C4DEC3}.Release|Any CPU.ActiveCfg = Release|Any CPU
		{1600406F-C1A6-4DD0-AC55-BACF29C4DEC3}.Release|Any CPU.Build.0 = Release|Any CPU
		{C0C3D742-E302-4439-8C71-BF4E42F15CAF}.Debug|Any CPU.ActiveCfg = Debug|Any CPU
		{C0C3D742-E302-4439-8C71-BF4E42F15CAF}.Debug|Any CPU.Build.0 = Debug|Any CPU
		{C0C3D742-E302-4439-8C71-BF4E42F15CAF}.Release|Any CPU.ActiveCfg = Release|Any CPU
		{C0C3D742-E302-4439-8C71-BF4E42F15CAF}.Release|Any CPU.Build.0 = Release|Any CPU
	EndGlobalSection
	GlobalSection(SolutionProperties) = preSolution
		HideSolutionNode = FALSE
	EndGlobalSection
EndGlobal
