
Microsoft Visual Studio Solution File, Format Version 12.00
# Visual Studio 14
VisualStudioVersion = 14.0.25420.1
MinimumVisualStudioVersion = 10.0.40219.1
Project("{FAE04EC0-301F-11D3-BF4B-00C04F79EFBC}") = "DemoDraw", "DemoDraw\DemoDraw.csproj", "{E022042A-F763-4D4E-896B-7B55C2561223}"
EndProject
Project("{FAE04EC0-301F-11D3-BF4B-00C04F79EFBC}") = "DemoDraw.Core", "DemoDraw.Core\DemoDraw.Core.csproj", "{D673170D-FCAB-4FB2-A2EF-8CAEF9BC785D}"
EndProject
Project("{FAE04EC0-301F-11D3-BF4B-00C04F79EFBC}") = "DemoDraw.Editor", "DemoDraw.Editor\DemoDraw.Editor.csproj", "{3F317B5F-F77E-44A4-B76F-1C001892BB53}"
EndProject
Global
	GlobalSection(SolutionConfigurationPlatforms) = preSolution
		Debug|Any CPU = Debug|Any CPU
		Release|Any CPU = Release|Any CPU
	EndGlobalSection
	GlobalSection(ProjectConfigurationPlatforms) = postSolution
		{E022042A-F763-4D4E-896B-7B55C2561223}.Debug|Any CPU.ActiveCfg = Debug|Any CPU
		{E022042A-F763-4D4E-896B-7B55C2561223}.Debug|Any CPU.Build.0 = Debug|Any CPU
		{E022042A-F763-4D4E-896B-7B55C2561223}.Release|Any CPU.ActiveCfg = Release|Any CPU
		{E022042A-F763-4D4E-896B-7B55C2561223}.Release|Any CPU.Build.0 = Release|Any CPU
		{D673170D-FCAB-4FB2-A2EF-8CAEF9BC785D}.Debug|Any CPU.ActiveCfg = Debug|Any CPU
		{D673170D-FCAB-4FB2-A2EF-8CAEF9BC785D}.Debug|Any CPU.Build.0 = Debug|Any CPU
		{D673170D-FCAB-4FB2-A2EF-8CAEF9BC785D}.Release|Any CPU.ActiveCfg = Release|Any CPU
		{D673170D-FCAB-4FB2-A2EF-8CAEF9BC785D}.Release|Any CPU.Build.0 = Release|Any CPU
		{3F317B5F-F77E-44A4-B76F-1C001892BB53}.Debug|Any CPU.ActiveCfg = Debug|Any CPU
		{3F317B5F-F77E-44A4-B76F-1C001892BB53}.Debug|Any CPU.Build.0 = Debug|Any CPU
		{3F317B5F-F77E-44A4-B76F-1C001892BB53}.Release|Any CPU.ActiveCfg = Release|Any CPU
		{3F317B5F-F77E-44A4-B76F-1C001892BB53}.Release|Any CPU.Build.0 = Release|Any CPU
	EndGlobalSection
	GlobalSection(SolutionProperties) = preSolution
		HideSolutionNode = FALSE
	EndGlobalSection
EndGlobal
