
Microsoft Visual Studio Solution File, Format Version 12.00
# Visual Studio Express 2012 for Windows Desktop
Project("{FAE04EC0-301F-11D3-BF4B-00C04F79EFBC}") = "WpfMatrix", "WpfMatrix.csproj", "{7DD45BDD-F2CD-407F-84F6-236EC67A36B5}"
EndProject
Global
	GlobalSection(SolutionConfigurationPlatforms) = preSolution
		Debug|Any CPU = Debug|Any CPU
		Release|Any CPU = Release|Any CPU
	EndGlobalSection
	GlobalSection(ProjectConfigurationPlatforms) = postSolution
		{7DD45BDD-F2CD-407F-84F6-236EC67A36B5}.Debug|Any CPU.ActiveCfg = Debug|Any CPU
		{7DD45BDD-F2CD-407F-84F6-236EC67A36B5}.Debug|Any CPU.Build.0 = Debug|Any CPU
		{7DD45BDD-F2CD-407F-84F6-236EC67A36B5}.Release|Any CPU.ActiveCfg = Release|Any CPU
		{7DD45BDD-F2CD-407F-84F6-236EC67A36B5}.Release|Any CPU.Build.0 = Release|Any CPU
	EndGlobalSection
	GlobalSection(SolutionProperties) = preSolution
		HideSolutionNode = FALSE
	EndGlobalSection
EndGlobal
