
Microsoft Visual Studio Solution File, Format Version 12.00
# Visual Studio Express 2012 for Windows Desktop
Project("{FAE04EC0-301F-11D3-BF4B-00C04F79EFBC}") = "DictionaryBinding", "DictionaryBinding\DictionaryBinding.csproj", "{92E3F239-21BA-4709-A36C-6319F694C564}"
EndProject
Global
	GlobalSection(SolutionConfigurationPlatforms) = preSolution
		Debug|Any CPU = Debug|Any CPU
		Release|Any CPU = Release|Any CPU
	EndGlobalSection
	GlobalSection(ProjectConfigurationPlatforms) = postSolution
		{92E3F239-21BA-4709-A36C-6319F694C564}.Debug|Any CPU.ActiveCfg = Debug|Any CPU
		{92E3F239-21BA-4709-A36C-6319F694C564}.Debug|Any CPU.Build.0 = Debug|Any CPU
		{92E3F239-21BA-4709-A36C-6319F694C564}.Release|Any CPU.ActiveCfg = Release|Any CPU
		{92E3F239-21BA-4709-A36C-6319F694C564}.Release|Any CPU.Build.0 = Release|Any CPU
	EndGlobalSection
	GlobalSection(SolutionProperties) = preSolution
		HideSolutionNode = FALSE
	EndGlobalSection
EndGlobal
