
Microsoft Visual Studio Solution File, Format Version 11.00
# Visual Studio 2010
# SharpDevelop 5.1
Project("{FAE04EC0-301F-11D3-BF4B-00C04F79EFBC}") = "rt", "rt\rt.csproj", "{15023832-A9E6-43A1-B694-44F0D06F2627}"
EndProject
Global
	GlobalSection(SolutionConfigurationPlatforms) = preSolution
		Debug|Any CPU = Debug|Any CPU
		Release|Any CPU = Release|Any CPU
	EndGlobalSection
	GlobalSection(ProjectConfigurationPlatforms) = postSolution
		{15023832-A9E6-43A1-B694-44F0D06F2627}.Debug|Any CPU.ActiveCfg = Debug|Any CPU
		{15023832-A9E6-43A1-B694-44F0D06F2627}.Debug|Any CPU.Build.0 = Debug|Any CPU
		{15023832-A9E6-43A1-B694-44F0D06F2627}.Release|Any CPU.ActiveCfg = Release|Any CPU
		{15023832-A9E6-43A1-B694-44F0D06F2627}.Release|Any CPU.Build.0 = Release|Any CPU
	EndGlobalSection
EndGlobal
