
Microsoft Visual Studio Solution File, Format Version 12.00
# Visual Studio 14
VisualStudioVersion = 14.0.25420.1
MinimumVisualStudioVersion = 10.0.40219.1
Project("{FAE04EC0-301F-11D3-BF4B-00C04F79EFBC}") = "Logic", "LogicDemo\Logic.csproj", "{C59D2345-8768-430D-8874-E2E69AA47520}"
EndProject
Project("{FAE04EC0-301F-11D3-BF4B-00C04F79EFBC}") = "Tests", "LogicModelTests\Tests.csproj", "{33EED74C-6594-4DD0-BA36-A062CA357855}"
EndProject
Global
	GlobalSection(SolutionConfigurationPlatforms) = preSolution
		Debug|Any CPU = Debug|Any CPU
		Release|Any CPU = Release|Any CPU
	EndGlobalSection
	GlobalSection(ProjectConfigurationPlatforms) = postSolution
		{C59D2345-8768-430D-8874-E2E69AA47520}.Debug|Any CPU.ActiveCfg = Debug|Any CPU
		{C59D2345-8768-430D-8874-E2E69AA47520}.Debug|Any CPU.Build.0 = Debug|Any CPU
		{C59D2345-8768-430D-8874-E2E69AA47520}.Release|Any CPU.ActiveCfg = Release|Any CPU
		{C59D2345-8768-430D-8874-E2E69AA47520}.Release|Any CPU.Build.0 = Release|Any CPU
		{33EED74C-6594-4DD0-BA36-A062CA357855}.Debug|Any CPU.ActiveCfg = Debug|Any CPU
		{33EED74C-6594-4DD0-BA36-A062CA357855}.Debug|Any CPU.Build.0 = Debug|Any CPU
		{33EED74C-6594-4DD0-BA36-A062CA357855}.Release|Any CPU.ActiveCfg = Release|Any CPU
		{33EED74C-6594-4DD0-BA36-A062CA357855}.Release|Any CPU.Build.0 = Release|Any CPU
	EndGlobalSection
	GlobalSection(SolutionProperties) = preSolution
		HideSolutionNode = FALSE
	EndGlobalSection
EndGlobal
